
Microsoft Visual Studio Solution File, Format Version 12.00
# Visual Studio 15
VisualStudioVersion = 15.0.28307.421
MinimumVisualStudioVersion = 10.0.40219.1
Project("{9A19103F-16F7-4668-BE54-9A1E7A4F7556}") = "SAE.CommonComponent.Upload", "SAE.CommonComponent.Upload\SAE.CommonComponent.Upload.csproj", "{5E7DF1BD-CF03-478A-BE3C-AC512FE88E89}"
EndProject
Project("{9A19103F-16F7-4668-BE54-9A1E7A4F7556}") = "SAE.CommonComponent.Upload.Test", "SAE.CommonComponent.Upload.Test\SAE.CommonComponent.Upload.Test.csproj", "{87FD6D48-5C15-40DE-A621-BC910277CB27}"
EndProject
Global
	GlobalSection(SolutionConfigurationPlatforms) = preSolution
		Debug|Any CPU = Debug|Any CPU
		Release|Any CPU = Release|Any CPU
	EndGlobalSection
	GlobalSection(ProjectConfigurationPlatforms) = postSolution
		{5E7DF1BD-CF03-478A-BE3C-AC512FE88E89}.Debug|Any CPU.ActiveCfg = Debug|Any CPU
		{5E7DF1BD-CF03-478A-BE3C-AC512FE88E89}.Debug|Any CPU.Build.0 = Debug|Any CPU
		{5E7DF1BD-CF03-478A-BE3C-AC512FE88E89}.Release|Any CPU.ActiveCfg = Release|Any CPU
		{5E7DF1BD-CF03-478A-BE3C-AC512FE88E89}.Release|Any CPU.Build.0 = Release|Any CPU
		{87FD6D48-5C15-40DE-A621-BC910277CB27}.Debug|Any CPU.ActiveCfg = Debug|Any CPU
		{87FD6D48-5C15-40DE-A621-BC910277CB27}.Debug|Any CPU.Build.0 = Debug|Any CPU
		{87FD6D48-5C15-40DE-A621-BC910277CB27}.Release|Any CPU.ActiveCfg = Release|Any CPU
		{87FD6D48-5C15-40DE-A621-BC910277CB27}.Release|Any CPU.Build.0 = Release|Any CPU
	EndGlobalSection
	GlobalSection(SolutionProperties) = preSolution
		HideSolutionNode = FALSE
	EndGlobalSection
	GlobalSection(ExtensibilityGlobals) = postSolution
		SolutionGuid = {1D42E016-1D05-4DF0-B7A2-383094134114}
	EndGlobalSection
EndGlobal
