
Microsoft Visual Studio Solution File, Format Version 12.00
# Visual Studio 15
VisualStudioVersion = 15.0.28307.421
MinimumVisualStudioVersion = 10.0.40219.1
Project("{9A19103F-16F7-4668-BE54-9A1E7A4F7556}") = "SAE.CommonComponent.Upload", "SAE.CommonComponent.Upload\SAE.CommonComponent.Upload.csproj", "{5E7DF1BD-CF03-478A-BE3C-AC512FE88E89}"
EndProject
Project("{FAE04EC0-301F-11D3-BF4B-00C04F79EFBC}") = "SAE.CommonComponent.Upload.Test", "SAE.CommonComponent.Upload.Test\SAE.CommonComponent.Upload.Test.csproj", "{87FD6D48-5C15-40DE-A621-BC910277CB27}"
EndProject
Project("{9A19103F-16F7-4668-BE54-9A1E7A4F7556}") = "SAE.CommonLibrary.Common", "..\..\CommonLibrary\SAE.CommonLibrary\src\SAE.CommonLibrary.Common\SAE.CommonLibrary.Common.csproj", "{AF2E0E3C-144A-4F6E-8BDD-3A925BA18B69}"
EndProject
Project("{9A19103F-16F7-4668-BE54-9A1E7A4F7556}") = "SAE.CommonLibrary.Json", "..\..\CommonLibrary\SAE.CommonLibrary\src\SAE.CommonLibrary.Json\SAE.CommonLibrary.Json.csproj", "{8C16FB1D-8E7F-4BE9-84FC-9D343761E207}"
EndProject
Project("{9A19103F-16F7-4668-BE54-9A1E7A4F7556}") = "SAE.CommonLibrary.Log", "..\..\CommonLibrary\SAE.CommonLibrary\src\SAE.CommonLibrary.Log\SAE.CommonLibrary.Log.csproj", "{2CBB1256-49A4-4CE8-9D37-3A64F1FD8B6A}"
EndProject
Project("{9A19103F-16F7-4668-BE54-9A1E7A4F7556}") = "SAE.CommonLibrary.TinyMapper", "..\..\CommonLibrary\SAE.CommonLibrary\src\SAE.CommonLibrary.TinyMapper\SAE.CommonLibrary.TinyMapper.csproj", "{2DA3F738-7EF6-482A-896D-1DFAE8787772}"
EndProject
Project("{9A19103F-16F7-4668-BE54-9A1E7A4F7556}") = "SAE.CommonLibrary.Http", "..\..\CommonLibrary\SAE.CommonLibrary\src\SAE.CommonLibrary.Http\SAE.CommonLibrary.Http.csproj", "{30AD3C11-687C-476B-879E-0C3778238499}"
EndProject
Project("{9A19103F-16F7-4668-BE54-9A1E7A4F7556}") = "SAE.CommonLibrary.Provider", "..\..\CommonLibrary\SAE.CommonLibrary\src\SAE.CommonLibrary.Provider\SAE.CommonLibrary.Provider.csproj", "{7691E7D3-6A28-4B49-8C1A-36C4A8AB14B9}"
EndProject
Project("{9A19103F-16F7-4668-BE54-9A1E7A4F7556}") = "SAE.Test.Infrastructure", "..\..\CommonLibrary\SAE.CommonLibrary\test\SAE.Test.Infrastructure\SAE.Test.Infrastructure.csproj", "{013A4682-E85B-4E01-A699-70D68723347C}"
EndProject
Global
	GlobalSection(SolutionConfigurationPlatforms) = preSolution
		Debug|Any CPU = Debug|Any CPU
		Release|Any CPU = Release|Any CPU
	EndGlobalSection
	GlobalSection(ProjectConfigurationPlatforms) = postSolution
		{5E7DF1BD-CF03-478A-BE3C-AC512FE88E89}.Debug|Any CPU.ActiveCfg = Debug|Any CPU
		{5E7DF1BD-CF03-478A-BE3C-AC512FE88E89}.Debug|Any CPU.Build.0 = Debug|Any CPU
		{5E7DF1BD-CF03-478A-BE3C-AC512FE88E89}.Release|Any CPU.ActiveCfg = Release|Any CPU
		{5E7DF1BD-CF03-478A-BE3C-AC512FE88E89}.Release|Any CPU.Build.0 = Release|Any CPU
		{87FD6D48-5C15-40DE-A621-BC910277CB27}.Debug|Any CPU.ActiveCfg = Debug|Any CPU
		{87FD6D48-5C15-40DE-A621-BC910277CB27}.Debug|Any CPU.Build.0 = Debug|Any CPU
		{87FD6D48-5C15-40DE-A621-BC910277CB27}.Release|Any CPU.ActiveCfg = Release|Any CPU
		{87FD6D48-5C15-40DE-A621-BC910277CB27}.Release|Any CPU.Build.0 = Release|Any CPU
		{AF2E0E3C-144A-4F6E-8BDD-3A925BA18B69}.Debug|Any CPU.ActiveCfg = Debug|Any CPU
		{AF2E0E3C-144A-4F6E-8BDD-3A925BA18B69}.Debug|Any CPU.Build.0 = Debug|Any CPU
		{AF2E0E3C-144A-4F6E-8BDD-3A925BA18B69}.Release|Any CPU.ActiveCfg = Release|Any CPU
		{AF2E0E3C-144A-4F6E-8BDD-3A925BA18B69}.Release|Any CPU.Build.0 = Release|Any CPU
		{8C16FB1D-8E7F-4BE9-84FC-9D343761E207}.Debug|Any CPU.ActiveCfg = Debug|Any CPU
		{8C16FB1D-8E7F-4BE9-84FC-9D343761E207}.Debug|Any CPU.Build.0 = Debug|Any CPU
		{8C16FB1D-8E7F-4BE9-84FC-9D343761E207}.Release|Any CPU.ActiveCfg = Release|Any CPU
		{8C16FB1D-8E7F-4BE9-84FC-9D343761E207}.Release|Any CPU.Build.0 = Release|Any CPU
		{2CBB1256-49A4-4CE8-9D37-3A64F1FD8B6A}.Debug|Any CPU.ActiveCfg = Debug|Any CPU
		{2CBB1256-49A4-4CE8-9D37-3A64F1FD8B6A}.Debug|Any CPU.Build.0 = Debug|Any CPU
		{2CBB1256-49A4-4CE8-9D37-3A64F1FD8B6A}.Release|Any CPU.ActiveCfg = Release|Any CPU
		{2CBB1256-49A4-4CE8-9D37-3A64F1FD8B6A}.Release|Any CPU.Build.0 = Release|Any CPU
		{2DA3F738-7EF6-482A-896D-1DFAE8787772}.Debug|Any CPU.ActiveCfg = Debug|Any CPU
		{2DA3F738-7EF6-482A-896D-1DFAE8787772}.Debug|Any CPU.Build.0 = Debug|Any CPU
		{2DA3F738-7EF6-482A-896D-1DFAE8787772}.Release|Any CPU.ActiveCfg = Release|Any CPU
		{2DA3F738-7EF6-482A-896D-1DFAE8787772}.Release|Any CPU.Build.0 = Release|Any CPU
		{30AD3C11-687C-476B-879E-0C3778238499}.Debug|Any CPU.ActiveCfg = Debug|Any CPU
		{30AD3C11-687C-476B-879E-0C3778238499}.Debug|Any CPU.Build.0 = Debug|Any CPU
		{30AD3C11-687C-476B-879E-0C3778238499}.Release|Any CPU.ActiveCfg = Release|Any CPU
		{30AD3C11-687C-476B-879E-0C3778238499}.Release|Any CPU.Build.0 = Release|Any CPU
		{7691E7D3-6A28-4B49-8C1A-36C4A8AB14B9}.Debug|Any CPU.ActiveCfg = Debug|Any CPU
		{7691E7D3-6A28-4B49-8C1A-36C4A8AB14B9}.Debug|Any CPU.Build.0 = Debug|Any CPU
		{7691E7D3-6A28-4B49-8C1A-36C4A8AB14B9}.Release|Any CPU.ActiveCfg = Release|Any CPU
		{7691E7D3-6A28-4B49-8C1A-36C4A8AB14B9}.Release|Any CPU.Build.0 = Release|Any CPU
		{013A4682-E85B-4E01-A699-70D68723347C}.Debug|Any CPU.ActiveCfg = Debug|Any CPU
		{013A4682-E85B-4E01-A699-70D68723347C}.Debug|Any CPU.Build.0 = Debug|Any CPU
		{013A4682-E85B-4E01-A699-70D68723347C}.Release|Any CPU.ActiveCfg = Release|Any CPU
		{013A4682-E85B-4E01-A699-70D68723347C}.Release|Any CPU.Build.0 = Release|Any CPU
	EndGlobalSection
	GlobalSection(SolutionProperties) = preSolution
		HideSolutionNode = FALSE
	EndGlobalSection
	GlobalSection(ExtensibilityGlobals) = postSolution
		SolutionGuid = {1D42E016-1D05-4DF0-B7A2-383094134114}
	EndGlobalSection
EndGlobal
