
Microsoft Visual Studio Solution File, Format Version 12.00
# Visual Studio 15
VisualStudioVersion = 15.0.27428.1
MinimumVisualStudioVersion = 10.0.40219.1
Project("{2150E333-8FDC-42A3-9474-1A3956D46DE8}") = "src", "src", "{40731E51-ECFA-4D01-922B-20FDE993EA1D}"
EndProject
Project("{2150E333-8FDC-42A3-9474-1A3956D46DE8}") = "test", "test", "{2014C014-89EA-43EF-805E-3B1709FBBCE4}"
EndProject
Project("{2150E333-8FDC-42A3-9474-1A3956D46DE8}") = "Web", "Web", "{651E6595-8EF2-404A-9BAE-657CEE6C061A}"
EndProject
Project("{2150E333-8FDC-42A3-9474-1A3956D46DE8}") = "Services", "Services", "{8B07A6A0-B713-4E2F-A9D0-1FDD7D4AD890}"
EndProject
Project("{2150E333-8FDC-42A3-9474-1A3956D46DE8}") = "Identity", "Identity", "{673A4242-DEC9-449B-B271-34E72EB5FA1F}"
EndProject
Project("{9A19103F-16F7-4668-BE54-9A1E7A4F7556}") = "SAE.ShoppingMall.Identity.Dto", "src\SAE.ShoppingMall.Identity.Dto\SAE.ShoppingMall.Identity.Dto.csproj", "{E467BD01-32E8-4E09-82B2-2FFDF63FF332}"
EndProject
Project("{9A19103F-16F7-4668-BE54-9A1E7A4F7556}") = "SAE.ShoppingMall.Identity.Application", "src\SAE.ShoppingMall.Identity.Application\SAE.ShoppingMall.Identity.Application.csproj", "{94DCC64B-4094-4632-8847-F5838083FA47}"
EndProject
Project("{9A19103F-16F7-4668-BE54-9A1E7A4F7556}") = "SAE.ShoppingMall.Identity.Domain", "src\SAE.ShoppingMall.Identity.Domain\SAE.ShoppingMall.Identity.Domain.csproj", "{FE2D6DC1-299C-446B-A989-9000972E3E76}"
EndProject
Project("{9A19103F-16F7-4668-BE54-9A1E7A4F7556}") = "SAE.ShoppingMall.Test", "test\SAE.ShoppingMall.Test\SAE.ShoppingMall.Test.csproj", "{9EC9F4EA-DF32-46BD-8C5E-D941FB849181}"
EndProject
Project("{9A19103F-16F7-4668-BE54-9A1E7A4F7556}") = "SAE.ShoppingMall.Identity.Application.Test", "test\SAE.ShoppingMall.Identity.Application.Test\SAE.ShoppingMall.Identity.Application.Test.csproj", "{0F23210A-38A5-4D9A-BE72-2906038D6AC8}"
EndProject
Project("{2150E333-8FDC-42A3-9474-1A3956D46DE8}") = "Base", "Base", "{63D823F5-01EA-4DE1-8116-34C1B1596EFE}"
EndProject
Project("{9A19103F-16F7-4668-BE54-9A1E7A4F7556}") = "SAE.ShoppingMall.Infrastructure", "src\SAE.ShoppingMall.Infrastructure\SAE.ShoppingMall.Infrastructure.csproj", "{3B5F789E-69CC-4404-B399-FC48F1077B4D}"
EndProject
Project("{2150E333-8FDC-42A3-9474-1A3956D46DE8}") = "Library", "Library", "{4BEF4E24-94E6-4439-A372-C506E270F925}"
EndProject
Project("{9A19103F-16F7-4668-BE54-9A1E7A4F7556}") = "SAE.CommonLibrary.Common", "..\..\CommonLibrary\SAE.CommonLibrary\src\SAE.CommonLibrary.Common\SAE.CommonLibrary.Common.csproj", "{DAD3F15A-8618-41A7-AA2F-B728908917C7}"
EndProject
Project("{9A19103F-16F7-4668-BE54-9A1E7A4F7556}") = "SAE.CommonLibrary.EventStore", "..\..\CommonLibrary\SAE.CommonLibrary\src\SAE.CommonLibrary.EventStore\SAE.CommonLibrary.EventStore.csproj", "{73068CE9-14F7-42EB-9962-82446146E296}"
EndProject
Project("{9A19103F-16F7-4668-BE54-9A1E7A4F7556}") = "SAE.CommonLibrary.EventStore.Document.Dapper", "..\..\CommonLibrary\SAE.CommonLibrary\src\SAE.CommonLibrary.EventStore.Dapper\SAE.CommonLibrary.EventStore.Document.Dapper.csproj", "{E369C0BC-3955-4B7A-993C-C40D8EBF190D}"
EndProject
Project("{9A19103F-16F7-4668-BE54-9A1E7A4F7556}") = "SAE.CommonLibrary.EventStore.Document", "..\..\CommonLibrary\SAE.CommonLibrary\src\SAE.CommonLibrary.EventStore.Document\SAE.CommonLibrary.EventStore.Document.csproj", "{5F3111B2-A4A7-43E2-B2CD-B40568C84C3D}"
EndProject
Project("{9A19103F-16F7-4668-BE54-9A1E7A4F7556}") = "SAE.CommonLibrary.Json", "..\..\CommonLibrary\SAE.CommonLibrary\src\SAE.CommonLibrary.Json\SAE.CommonLibrary.Json.csproj", "{4AB48526-ABE5-45B8-BC0F-FFD29928CEBD}"
EndProject
Project("{9A19103F-16F7-4668-BE54-9A1E7A4F7556}") = "SAE.CommonLibrary.Listening", "..\..\CommonLibrary\SAE.CommonLibrary\src\SAE.CommonLibrary.Listening\SAE.CommonLibrary.Listening.csproj", "{9D923A74-6298-4AAF-848D-BC718F82AE58}"
EndProject
Project("{9A19103F-16F7-4668-BE54-9A1E7A4F7556}") = "SAE.CommonLibrary.Log", "..\..\CommonLibrary\SAE.CommonLibrary\src\SAE.CommonLibrary.Log\SAE.CommonLibrary.Log.csproj", "{39F0ABB5-20E7-4855-9DC7-ECCF8EAD77CD}"
EndProject
Project("{9A19103F-16F7-4668-BE54-9A1E7A4F7556}") = "SAE.CommonLibrary.MQ", "..\..\CommonLibrary\SAE.CommonLibrary\src\SAE.CommonLibrary.MQ\SAE.CommonLibrary.MQ.csproj", "{DFA936ED-EA1E-4045-A0E9-DB482C3F7E4E}"
EndProject
Project("{9A19103F-16F7-4668-BE54-9A1E7A4F7556}") = "SAE.CommonLibrary.MQ.RabbitMQ", "..\..\CommonLibrary\SAE.CommonLibrary\src\SAE.CommonLibrary.MQ.RabbitMQ\SAE.CommonLibrary.MQ.RabbitMQ.csproj", "{3635F540-B1BA-4DFB-8DA7-7046622B7F44}"
EndProject
Project("{9A19103F-16F7-4668-BE54-9A1E7A4F7556}") = "SAE.CommonLibrary.NetCore", "..\..\CommonLibrary\SAE.CommonLibrary\src\SAE.CommonLibrary.NetCore\SAE.CommonLibrary.NetCore.csproj", "{318883EA-0B08-4D36-995C-72E1E2D4BEF5}"
EndProject
Project("{9A19103F-16F7-4668-BE54-9A1E7A4F7556}") = "SAE.CommonLibrary.Cache", "..\..\CommonLibrary\SAE.CommonLibrary\src\SAE.CommonLibrary.Cache\SAE.CommonLibrary.Cache.csproj", "{913607D4-A7A0-4252-8C17-EDA2ACCBCD97}"
EndProject
Project("{9A19103F-16F7-4668-BE54-9A1E7A4F7556}") = "SAE.CommonLibrary.Cache.Redis", "..\..\CommonLibrary\SAE.CommonLibrary\src\SAE.CommonLibrary.Cache.Redis\SAE.CommonLibrary.Cache.Redis.csproj", "{58C23EB1-B419-4A39-8B3A-2539C6F18D2B}"
EndProject
Project("{9A19103F-16F7-4668-BE54-9A1E7A4F7556}") = "SAE.CommonLibrary.Storage", "..\..\CommonLibrary\SAE.CommonLibrary\src\SAE.CommonLibrary.Storage\SAE.CommonLibrary.Storage.csproj", "{1A1F48F7-E402-4D6F-ACAB-4C2C81E741D2}"
EndProject
Project("{9A19103F-16F7-4668-BE54-9A1E7A4F7556}") = "SAE.CommonLibrary.EventStore.Queryable", "..\..\CommonLibrary\SAE.CommonLibrary\src\SAE.CommonLibrary.EventStore.Queryable\SAE.CommonLibrary.EventStore.Queryable.csproj", "{FF13CAB4-DEC7-4161-8786-B18672AA9DD1}"
EndProject
Project("{9A19103F-16F7-4668-BE54-9A1E7A4F7556}") = "SAE.CommonLibrary.TinyMapper", "..\..\CommonLibrary\SAE.CommonLibrary\src\SAE.CommonLibrary.TinyMapper\SAE.CommonLibrary.TinyMapper.csproj", "{3BD413E5-3CFD-4B96-A6A6-0EAC2F20F29C}"
EndProject
Project("{9A19103F-16F7-4668-BE54-9A1E7A4F7556}") = "SAE.CommonLibrary.Provider", "..\..\CommonLibrary\SAE.CommonLibrary\src\SAE.CommonLibrary.Provider\SAE.CommonLibrary.Provider.csproj", "{08688C28-3871-418B-A0FF-B6A7D7977A52}"
EndProject
Project("{FAE04EC0-301F-11D3-BF4B-00C04F79EFBC}") = "SAE.ShoppingMall.Identity", "src\SAE.ShoppingMall.Identity\SAE.ShoppingMall.Identity.csproj", "{633EB2A3-4892-4EB9-8920-B4A510A5BAC2}"
EndProject
Global
	GlobalSection(SolutionConfigurationPlatforms) = preSolution
		Debug|Any CPU = Debug|Any CPU
		Release|Any CPU = Release|Any CPU
	EndGlobalSection
	GlobalSection(ProjectConfigurationPlatforms) = postSolution
		{E467BD01-32E8-4E09-82B2-2FFDF63FF332}.Debug|Any CPU.ActiveCfg = Debug|Any CPU
		{E467BD01-32E8-4E09-82B2-2FFDF63FF332}.Debug|Any CPU.Build.0 = Debug|Any CPU
		{E467BD01-32E8-4E09-82B2-2FFDF63FF332}.Release|Any CPU.ActiveCfg = Release|Any CPU
		{E467BD01-32E8-4E09-82B2-2FFDF63FF332}.Release|Any CPU.Build.0 = Release|Any CPU
		{94DCC64B-4094-4632-8847-F5838083FA47}.Debug|Any CPU.ActiveCfg = Debug|Any CPU
		{94DCC64B-4094-4632-8847-F5838083FA47}.Debug|Any CPU.Build.0 = Debug|Any CPU
		{94DCC64B-4094-4632-8847-F5838083FA47}.Release|Any CPU.ActiveCfg = Release|Any CPU
		{94DCC64B-4094-4632-8847-F5838083FA47}.Release|Any CPU.Build.0 = Release|Any CPU
		{FE2D6DC1-299C-446B-A989-9000972E3E76}.Debug|Any CPU.ActiveCfg = Debug|Any CPU
		{FE2D6DC1-299C-446B-A989-9000972E3E76}.Debug|Any CPU.Build.0 = Debug|Any CPU
		{FE2D6DC1-299C-446B-A989-9000972E3E76}.Release|Any CPU.ActiveCfg = Release|Any CPU
		{FE2D6DC1-299C-446B-A989-9000972E3E76}.Release|Any CPU.Build.0 = Release|Any CPU
		{9EC9F4EA-DF32-46BD-8C5E-D941FB849181}.Debug|Any CPU.ActiveCfg = Debug|Any CPU
		{9EC9F4EA-DF32-46BD-8C5E-D941FB849181}.Debug|Any CPU.Build.0 = Debug|Any CPU
		{9EC9F4EA-DF32-46BD-8C5E-D941FB849181}.Release|Any CPU.ActiveCfg = Release|Any CPU
		{9EC9F4EA-DF32-46BD-8C5E-D941FB849181}.Release|Any CPU.Build.0 = Release|Any CPU
		{0F23210A-38A5-4D9A-BE72-2906038D6AC8}.Debug|Any CPU.ActiveCfg = Debug|Any CPU
		{0F23210A-38A5-4D9A-BE72-2906038D6AC8}.Debug|Any CPU.Build.0 = Debug|Any CPU
		{0F23210A-38A5-4D9A-BE72-2906038D6AC8}.Release|Any CPU.ActiveCfg = Release|Any CPU
		{0F23210A-38A5-4D9A-BE72-2906038D6AC8}.Release|Any CPU.Build.0 = Release|Any CPU
		{3B5F789E-69CC-4404-B399-FC48F1077B4D}.Debug|Any CPU.ActiveCfg = Debug|Any CPU
		{3B5F789E-69CC-4404-B399-FC48F1077B4D}.Debug|Any CPU.Build.0 = Debug|Any CPU
		{3B5F789E-69CC-4404-B399-FC48F1077B4D}.Release|Any CPU.ActiveCfg = Release|Any CPU
		{3B5F789E-69CC-4404-B399-FC48F1077B4D}.Release|Any CPU.Build.0 = Release|Any CPU
		{DAD3F15A-8618-41A7-AA2F-B728908917C7}.Debug|Any CPU.ActiveCfg = Debug|Any CPU
		{DAD3F15A-8618-41A7-AA2F-B728908917C7}.Debug|Any CPU.Build.0 = Debug|Any CPU
		{DAD3F15A-8618-41A7-AA2F-B728908917C7}.Release|Any CPU.ActiveCfg = Release|Any CPU
		{DAD3F15A-8618-41A7-AA2F-B728908917C7}.Release|Any CPU.Build.0 = Release|Any CPU
		{73068CE9-14F7-42EB-9962-82446146E296}.Debug|Any CPU.ActiveCfg = Debug|Any CPU
		{73068CE9-14F7-42EB-9962-82446146E296}.Debug|Any CPU.Build.0 = Debug|Any CPU
		{73068CE9-14F7-42EB-9962-82446146E296}.Release|Any CPU.ActiveCfg = Release|Any CPU
		{73068CE9-14F7-42EB-9962-82446146E296}.Release|Any CPU.Build.0 = Release|Any CPU
		{E369C0BC-3955-4B7A-993C-C40D8EBF190D}.Debug|Any CPU.ActiveCfg = Debug|Any CPU
		{E369C0BC-3955-4B7A-993C-C40D8EBF190D}.Debug|Any CPU.Build.0 = Debug|Any CPU
		{E369C0BC-3955-4B7A-993C-C40D8EBF190D}.Release|Any CPU.ActiveCfg = Release|Any CPU
		{E369C0BC-3955-4B7A-993C-C40D8EBF190D}.Release|Any CPU.Build.0 = Release|Any CPU
		{5F3111B2-A4A7-43E2-B2CD-B40568C84C3D}.Debug|Any CPU.ActiveCfg = Debug|Any CPU
		{5F3111B2-A4A7-43E2-B2CD-B40568C84C3D}.Debug|Any CPU.Build.0 = Debug|Any CPU
		{5F3111B2-A4A7-43E2-B2CD-B40568C84C3D}.Release|Any CPU.ActiveCfg = Release|Any CPU
		{5F3111B2-A4A7-43E2-B2CD-B40568C84C3D}.Release|Any CPU.Build.0 = Release|Any CPU
		{4AB48526-ABE5-45B8-BC0F-FFD29928CEBD}.Debug|Any CPU.ActiveCfg = Debug|Any CPU
		{4AB48526-ABE5-45B8-BC0F-FFD29928CEBD}.Debug|Any CPU.Build.0 = Debug|Any CPU
		{4AB48526-ABE5-45B8-BC0F-FFD29928CEBD}.Release|Any CPU.ActiveCfg = Release|Any CPU
		{4AB48526-ABE5-45B8-BC0F-FFD29928CEBD}.Release|Any CPU.Build.0 = Release|Any CPU
		{9D923A74-6298-4AAF-848D-BC718F82AE58}.Debug|Any CPU.ActiveCfg = Debug|Any CPU
		{9D923A74-6298-4AAF-848D-BC718F82AE58}.Debug|Any CPU.Build.0 = Debug|Any CPU
		{9D923A74-6298-4AAF-848D-BC718F82AE58}.Release|Any CPU.ActiveCfg = Release|Any CPU
		{9D923A74-6298-4AAF-848D-BC718F82AE58}.Release|Any CPU.Build.0 = Release|Any CPU
		{39F0ABB5-20E7-4855-9DC7-ECCF8EAD77CD}.Debug|Any CPU.ActiveCfg = Debug|Any CPU
		{39F0ABB5-20E7-4855-9DC7-ECCF8EAD77CD}.Debug|Any CPU.Build.0 = Debug|Any CPU
		{39F0ABB5-20E7-4855-9DC7-ECCF8EAD77CD}.Release|Any CPU.ActiveCfg = Release|Any CPU
		{39F0ABB5-20E7-4855-9DC7-ECCF8EAD77CD}.Release|Any CPU.Build.0 = Release|Any CPU
		{DFA936ED-EA1E-4045-A0E9-DB482C3F7E4E}.Debug|Any CPU.ActiveCfg = Debug|Any CPU
		{DFA936ED-EA1E-4045-A0E9-DB482C3F7E4E}.Debug|Any CPU.Build.0 = Debug|Any CPU
		{DFA936ED-EA1E-4045-A0E9-DB482C3F7E4E}.Release|Any CPU.ActiveCfg = Release|Any CPU
		{DFA936ED-EA1E-4045-A0E9-DB482C3F7E4E}.Release|Any CPU.Build.0 = Release|Any CPU
		{3635F540-B1BA-4DFB-8DA7-7046622B7F44}.Debug|Any CPU.ActiveCfg = Debug|Any CPU
		{3635F540-B1BA-4DFB-8DA7-7046622B7F44}.Debug|Any CPU.Build.0 = Debug|Any CPU
		{3635F540-B1BA-4DFB-8DA7-7046622B7F44}.Release|Any CPU.ActiveCfg = Release|Any CPU
		{3635F540-B1BA-4DFB-8DA7-7046622B7F44}.Release|Any CPU.Build.0 = Release|Any CPU
		{318883EA-0B08-4D36-995C-72E1E2D4BEF5}.Debug|Any CPU.ActiveCfg = Debug|Any CPU
		{318883EA-0B08-4D36-995C-72E1E2D4BEF5}.Debug|Any CPU.Build.0 = Debug|Any CPU
		{318883EA-0B08-4D36-995C-72E1E2D4BEF5}.Release|Any CPU.ActiveCfg = Release|Any CPU
		{318883EA-0B08-4D36-995C-72E1E2D4BEF5}.Release|Any CPU.Build.0 = Release|Any CPU
		{913607D4-A7A0-4252-8C17-EDA2ACCBCD97}.Debug|Any CPU.ActiveCfg = Debug|Any CPU
		{913607D4-A7A0-4252-8C17-EDA2ACCBCD97}.Debug|Any CPU.Build.0 = Debug|Any CPU
		{913607D4-A7A0-4252-8C17-EDA2ACCBCD97}.Release|Any CPU.ActiveCfg = Release|Any CPU
		{913607D4-A7A0-4252-8C17-EDA2ACCBCD97}.Release|Any CPU.Build.0 = Release|Any CPU
		{58C23EB1-B419-4A39-8B3A-2539C6F18D2B}.Debug|Any CPU.ActiveCfg = Debug|Any CPU
		{58C23EB1-B419-4A39-8B3A-2539C6F18D2B}.Debug|Any CPU.Build.0 = Debug|Any CPU
		{58C23EB1-B419-4A39-8B3A-2539C6F18D2B}.Release|Any CPU.ActiveCfg = Release|Any CPU
		{58C23EB1-B419-4A39-8B3A-2539C6F18D2B}.Release|Any CPU.Build.0 = Release|Any CPU
		{1A1F48F7-E402-4D6F-ACAB-4C2C81E741D2}.Debug|Any CPU.ActiveCfg = Debug|Any CPU
		{1A1F48F7-E402-4D6F-ACAB-4C2C81E741D2}.Debug|Any CPU.Build.0 = Debug|Any CPU
		{1A1F48F7-E402-4D6F-ACAB-4C2C81E741D2}.Release|Any CPU.ActiveCfg = Release|Any CPU
		{1A1F48F7-E402-4D6F-ACAB-4C2C81E741D2}.Release|Any CPU.Build.0 = Release|Any CPU
		{FF13CAB4-DEC7-4161-8786-B18672AA9DD1}.Debug|Any CPU.ActiveCfg = Debug|Any CPU
		{FF13CAB4-DEC7-4161-8786-B18672AA9DD1}.Debug|Any CPU.Build.0 = Debug|Any CPU
		{FF13CAB4-DEC7-4161-8786-B18672AA9DD1}.Release|Any CPU.ActiveCfg = Release|Any CPU
		{FF13CAB4-DEC7-4161-8786-B18672AA9DD1}.Release|Any CPU.Build.0 = Release|Any CPU
		{3BD413E5-3CFD-4B96-A6A6-0EAC2F20F29C}.Debug|Any CPU.ActiveCfg = Debug|Any CPU
		{3BD413E5-3CFD-4B96-A6A6-0EAC2F20F29C}.Debug|Any CPU.Build.0 = Debug|Any CPU
		{3BD413E5-3CFD-4B96-A6A6-0EAC2F20F29C}.Release|Any CPU.ActiveCfg = Release|Any CPU
		{3BD413E5-3CFD-4B96-A6A6-0EAC2F20F29C}.Release|Any CPU.Build.0 = Release|Any CPU
		{08688C28-3871-418B-A0FF-B6A7D7977A52}.Debug|Any CPU.ActiveCfg = Debug|Any CPU
		{08688C28-3871-418B-A0FF-B6A7D7977A52}.Debug|Any CPU.Build.0 = Debug|Any CPU
		{08688C28-3871-418B-A0FF-B6A7D7977A52}.Release|Any CPU.ActiveCfg = Release|Any CPU
		{08688C28-3871-418B-A0FF-B6A7D7977A52}.Release|Any CPU.Build.0 = Release|Any CPU
		{633EB2A3-4892-4EB9-8920-B4A510A5BAC2}.Debug|Any CPU.ActiveCfg = Debug|Any CPU
		{633EB2A3-4892-4EB9-8920-B4A510A5BAC2}.Debug|Any CPU.Build.0 = Debug|Any CPU
		{633EB2A3-4892-4EB9-8920-B4A510A5BAC2}.Release|Any CPU.ActiveCfg = Release|Any CPU
		{633EB2A3-4892-4EB9-8920-B4A510A5BAC2}.Release|Any CPU.Build.0 = Release|Any CPU
	EndGlobalSection
	GlobalSection(SolutionProperties) = preSolution
		HideSolutionNode = FALSE
	EndGlobalSection
	GlobalSection(NestedProjects) = preSolution
		{651E6595-8EF2-404A-9BAE-657CEE6C061A} = {40731E51-ECFA-4D01-922B-20FDE993EA1D}
		{8B07A6A0-B713-4E2F-A9D0-1FDD7D4AD890} = {40731E51-ECFA-4D01-922B-20FDE993EA1D}
		{673A4242-DEC9-449B-B271-34E72EB5FA1F} = {8B07A6A0-B713-4E2F-A9D0-1FDD7D4AD890}
		{E467BD01-32E8-4E09-82B2-2FFDF63FF332} = {673A4242-DEC9-449B-B271-34E72EB5FA1F}
		{94DCC64B-4094-4632-8847-F5838083FA47} = {673A4242-DEC9-449B-B271-34E72EB5FA1F}
		{FE2D6DC1-299C-446B-A989-9000972E3E76} = {673A4242-DEC9-449B-B271-34E72EB5FA1F}
		{9EC9F4EA-DF32-46BD-8C5E-D941FB849181} = {2014C014-89EA-43EF-805E-3B1709FBBCE4}
		{0F23210A-38A5-4D9A-BE72-2906038D6AC8} = {2014C014-89EA-43EF-805E-3B1709FBBCE4}
		{63D823F5-01EA-4DE1-8116-34C1B1596EFE} = {8B07A6A0-B713-4E2F-A9D0-1FDD7D4AD890}
		{3B5F789E-69CC-4404-B399-FC48F1077B4D} = {63D823F5-01EA-4DE1-8116-34C1B1596EFE}
		{4BEF4E24-94E6-4439-A372-C506E270F925} = {40731E51-ECFA-4D01-922B-20FDE993EA1D}
		{DAD3F15A-8618-41A7-AA2F-B728908917C7} = {4BEF4E24-94E6-4439-A372-C506E270F925}
		{73068CE9-14F7-42EB-9962-82446146E296} = {4BEF4E24-94E6-4439-A372-C506E270F925}
		{E369C0BC-3955-4B7A-993C-C40D8EBF190D} = {4BEF4E24-94E6-4439-A372-C506E270F925}
		{5F3111B2-A4A7-43E2-B2CD-B40568C84C3D} = {4BEF4E24-94E6-4439-A372-C506E270F925}
		{4AB48526-ABE5-45B8-BC0F-FFD29928CEBD} = {4BEF4E24-94E6-4439-A372-C506E270F925}
		{9D923A74-6298-4AAF-848D-BC718F82AE58} = {4BEF4E24-94E6-4439-A372-C506E270F925}
		{39F0ABB5-20E7-4855-9DC7-ECCF8EAD77CD} = {4BEF4E24-94E6-4439-A372-C506E270F925}
		{DFA936ED-EA1E-4045-A0E9-DB482C3F7E4E} = {4BEF4E24-94E6-4439-A372-C506E270F925}
		{3635F540-B1BA-4DFB-8DA7-7046622B7F44} = {4BEF4E24-94E6-4439-A372-C506E270F925}
		{318883EA-0B08-4D36-995C-72E1E2D4BEF5} = {4BEF4E24-94E6-4439-A372-C506E270F925}
		{913607D4-A7A0-4252-8C17-EDA2ACCBCD97} = {4BEF4E24-94E6-4439-A372-C506E270F925}
		{58C23EB1-B419-4A39-8B3A-2539C6F18D2B} = {4BEF4E24-94E6-4439-A372-C506E270F925}
		{1A1F48F7-E402-4D6F-ACAB-4C2C81E741D2} = {4BEF4E24-94E6-4439-A372-C506E270F925}
		{FF13CAB4-DEC7-4161-8786-B18672AA9DD1} = {4BEF4E24-94E6-4439-A372-C506E270F925}
		{3BD413E5-3CFD-4B96-A6A6-0EAC2F20F29C} = {4BEF4E24-94E6-4439-A372-C506E270F925}
		{08688C28-3871-418B-A0FF-B6A7D7977A52} = {4BEF4E24-94E6-4439-A372-C506E270F925}
		{633EB2A3-4892-4EB9-8920-B4A510A5BAC2} = {651E6595-8EF2-404A-9BAE-657CEE6C061A}
	EndGlobalSection
	GlobalSection(ExtensibilityGlobals) = postSolution
		SolutionGuid = {C1BA8C3B-9C35-46EF-8C84-B1F455C97D73}
	EndGlobalSection
EndGlobal
