
Microsoft Visual Studio Solution File, Format Version 12.00
# Visual Studio 15
VisualStudioVersion = 15.0.27130.2003
MinimumVisualStudioVersion = 10.0.40219.1
Project("{2150E333-8FDC-42A3-9474-1A3956D46DE8}") = "src", "src", "{0F0093DB-2C4D-4367-AB49-4B4D0C9C6330}"
EndProject
Project("{FAE04EC0-301F-11D3-BF4B-00C04F79EFBC}") = "SAE.CommonLibrary.Trace.Web", "src\SAE.CommonLibrary.Trace.Web\SAE.CommonLibrary.Trace.Web.csproj", "{D3272D63-73A6-4D14-863E-0F1C74BCD6E9}"
EndProject
Project("{9A19103F-16F7-4668-BE54-9A1E7A4F7556}") = "SAE.CommonLibrary.Trace.Http", "src\SAE.CommonLibrary.Trace.Http\SAE.CommonLibrary.Trace.Http.csproj", "{B2826453-3776-45B0-9309-529467372BEF}"
EndProject
Project("{9A19103F-16F7-4668-BE54-9A1E7A4F7556}") = "SAE.CommonLibrary.Trace", "src\SAE.CommonLibrary.Trace\SAE.CommonLibrary.Trace.csproj", "{42242AA9-CB7C-4171-A395-FF0AACA0D56E}"
EndProject
Project("{9A19103F-16F7-4668-BE54-9A1E7A4F7556}") = "SAE.CommonLibrary.Storage.MongoDB", "src\SAE.CommonLibrary.Storage.MongoDB\SAE.CommonLibrary.Storage.MongoDB.csproj", "{2739192F-41E9-4939-972F-63803A7DB63F}"
EndProject
Project("{9A19103F-16F7-4668-BE54-9A1E7A4F7556}") = "SAE.CommonLibrary.OAuth.API", "src\SAE.CommonLibrary.OAuth.API\SAE.CommonLibrary.OAuth.API.csproj", "{1155F33F-49C8-4CC1-A5CE-336CC28DA167}"
EndProject
Project("{9A19103F-16F7-4668-BE54-9A1E7A4F7556}") = "SAE.CommonLibrary.OAuth", "src\SAE.CommonLibrary.OAuth\SAE.CommonLibrary.OAuth.csproj", "{ED60CDE5-EB6D-4296-A30F-7B8A99F7F30E}"
EndProject
Project("{9A19103F-16F7-4668-BE54-9A1E7A4F7556}") = "SAE.CommonLibrary.MQ.RabbitMQ", "src\SAE.CommonLibrary.MQ.RabbitMQ\SAE.CommonLibrary.MQ.RabbitMQ.csproj", "{605B0060-0726-47B7-8D55-BBC06892013B}"
EndProject
Project("{9A19103F-16F7-4668-BE54-9A1E7A4F7556}") = "SAE.CommonLibrary.Log", "src\SAE.Commonlibrary.Log\SAE.CommonLibrary.Log.csproj", "{F6C2585A-6A04-4DD7-AA2C-ABC648E9386E}"
EndProject
Project("{9A19103F-16F7-4668-BE54-9A1E7A4F7556}") = "SAE.CommonLibrary.Cache.Redis", "src\SAE.CommonLibrary.Cache.Redis\SAE.CommonLibrary.Cache.Redis.csproj", "{4A56560A-F3E4-4DA6-9D6E-327C9DA5B047}"
EndProject
Project("{9A19103F-16F7-4668-BE54-9A1E7A4F7556}") = "SAE.CommonLibrary.OAuth.Constant", "src\SAE.CommonLibrary.OAuth.Constant\SAE.CommonLibrary.OAuth.Constant.csproj", "{B9782EAF-2549-4A01-828F-4DE554B8F189}"
EndProject
Project("{9A19103F-16F7-4668-BE54-9A1E7A4F7556}") = "SAE.CommonLibrary.NetCore", "src\SAE.CommonLibrary.NetCore\SAE.CommonLibrary.NetCore.csproj", "{8BF1EA69-547B-489F-A19D-8CE2764AA0FF}"
EndProject
Project("{9A19103F-16F7-4668-BE54-9A1E7A4F7556}") = "SAE.CommonLibrary.MQ", "src\SAE.CommonLibrary.MQ\SAE.CommonLibrary.MQ.csproj", "{406BFFE9-5D09-43FA-B82E-F1CABBD9C71C}"
EndProject
Project("{9A19103F-16F7-4668-BE54-9A1E7A4F7556}") = "SAE.CommonLibrary.Listening", "src\SAE.CommonLibrary.Listening\SAE.CommonLibrary.Listening.csproj", "{EF47B03A-E873-46F8-B51F-6C3208189351}"
EndProject
Project("{9A19103F-16F7-4668-BE54-9A1E7A4F7556}") = "SAE.CommonLibrary.Http", "src\SAE.CommonLibrary.Http\SAE.CommonLibrary.Http.csproj", "{F8E2B3C4-259C-4125-AED7-A687BE0B73C0}"
EndProject
Project("{9A19103F-16F7-4668-BE54-9A1E7A4F7556}") = "SAE.CommonLibrary.Cache", "src\SAE.CommonLibrary.Cache\SAE.CommonLibrary.Cache.csproj", "{544DAE29-4B70-4C45-A380-84CF4DE53F9A}"
EndProject
Project("{9A19103F-16F7-4668-BE54-9A1E7A4F7556}") = "SAE.CommonLibrary.Storage", "src\SAE.Commonlibrary.Storage\SAE.CommonLibrary.Storage.csproj", "{839904A1-9549-4B2B-B838-942E26681504}"
EndProject
Project("{9A19103F-16F7-4668-BE54-9A1E7A4F7556}") = "SAE.CommonLibrary.Json", "src\SAE.Commonlibrary.Json\SAE.CommonLibrary.Json.csproj", "{68CDC46B-8FEB-4C03-9AF0-BE78AE68D19C}"
EndProject
Project("{2150E333-8FDC-42A3-9474-1A3956D46DE8}") = "test", "test", "{DD75371B-490B-4728-8706-A82A88CF413D}"
EndProject
Project("{9A19103F-16F7-4668-BE54-9A1E7A4F7556}") = "SAE.CommonLibrary.Cache.Redis.Test", "test\SAE.CommonLibrary.Cache.Redis.Test\SAE.CommonLibrary.Cache.Redis.Test.csproj", "{1B3899FB-DDF4-4B89-8A4D-15CA6F657BCE}"
EndProject
Project("{9A19103F-16F7-4668-BE54-9A1E7A4F7556}") = "SAE.CommonLibrary.Listening.Test", "test\SAE.CommonLibrary.Listening.Test\SAE.CommonLibrary.Listening.Test.csproj", "{3A394450-5218-4D59-B015-8B0D06856A03}"
EndProject
Project("{9A19103F-16F7-4668-BE54-9A1E7A4F7556}") = "SAE.CommonLibrary.Log.Test", "test\SAE.CommonLibrary.Log.Test\SAE.CommonLibrary.Log.Test.csproj", "{F0B4A24F-535E-4DE8-A397-96788E9CA22E}"
EndProject
Project("{9A19103F-16F7-4668-BE54-9A1E7A4F7556}") = "SAE.CommonLibrary.MQ.RabbitMQ.Test", "test\SAE.CommonLibrary.MQ.RabbitMQ.Test\SAE.CommonLibrary.MQ.RabbitMQ.Test.csproj", "{374FD2AF-5138-4A78-8179-9568A5320B5E}"
EndProject
Project("{9A19103F-16F7-4668-BE54-9A1E7A4F7556}") = "SAE.CommonLibrary.OAuth.Test", "test\SAE.CommonLibrary.OAuth.Test\SAE.CommonLibrary.OAuth.Test.csproj", "{2798D1C2-3E53-454E-9022-E5B5EF61EDA1}"
EndProject
Project("{9A19103F-16F7-4668-BE54-9A1E7A4F7556}") = "SAE.CommonLibrary.Storage.MongoDB.Test", "test\SAE.CommonLibrary.Storage.MongoDB.Test\SAE.CommonLibrary.Storage.MongoDB.Test.csproj", "{DD31FF11-E139-4D2A-9BC6-8B8A2CC92FC9}"
EndProject
Project("{9A19103F-16F7-4668-BE54-9A1E7A4F7556}") = "SAE.CommonLibrary.Http.Test", "test\SAE.CommonLibrary.Http.Test\SAE.CommonLibrary.Http.Test.csproj", "{D42AFB2C-A766-4ED1-A3FD-C899E66AAB9C}"
EndProject
Project("{9A19103F-16F7-4668-BE54-9A1E7A4F7556}") = "SAE.Test.Infrastructure", "test\SAE.Test.Infrastructure\SAE.Test.Infrastructure.csproj", "{DF4F42D9-BA60-400A-A022-7C94CC909EA4}"
EndProject
Project("{9A19103F-16F7-4668-BE54-9A1E7A4F7556}") = "SAE.CommonLibrary.Json.Test", "test\SAE.CommonLibrary.Json.Test\SAE.CommonLibrary.Json.Test.csproj", "{41978A2A-A334-4E7D-851F-8C91E25388E1}"
EndProject
Project("{9A19103F-16F7-4668-BE54-9A1E7A4F7556}") = "SAE.CommonLibrary.EventStore", "src\SAE.Commonlibrary.EventStore\SAE.CommonLibrary.EventStore.csproj", "{B4DB921A-5400-4966-A39A-A531C1C6473E}"
EndProject
Project("{9A19103F-16F7-4668-BE54-9A1E7A4F7556}") = "SAE.CommonLibrary.EventStore.Document", "src\SAE.Commonlibrary.EventStore.Document\SAE.CommonLibrary.EventStore.Document.csproj", "{87976750-6CCB-4032-AB50-348B00E6035B}"
EndProject
Project("{9A19103F-16F7-4668-BE54-9A1E7A4F7556}") = "SAE.CommonLibrary.EventStore.Document.Memory.Test", "test\SAE.Commonlibrary.EventStore.Document.Memory.Test\SAE.CommonLibrary.EventStore.Document.Memory.Test.csproj", "{9B70DDC1-B505-41FD-BB59-2BEF26432237}"
EndProject
Project("{9A19103F-16F7-4668-BE54-9A1E7A4F7556}") = "SAE.CommonLibrary.EventStore.Document.Dapper", "src\SAE.Commonlibrary.EventStore.Dapper\SAE.CommonLibrary.EventStore.Document.Dapper.csproj", "{39E9AF27-5F92-46B0-BDAF-E764C6D1A5C9}"
EndProject
Project("{9A19103F-16F7-4668-BE54-9A1E7A4F7556}") = "SAE.CommonLibrary.Common", "src\SAE.CommonLibrary.Common\SAE.CommonLibrary.Common.csproj", "{BECC20AB-9503-403D-A121-CF89B60819C5}"
EndProject
Project("{9A19103F-16F7-4668-BE54-9A1E7A4F7556}") = "SAE.CommonLibrary.Trace.Test", "test\SAE.CommonLibrary.Trace.Test\SAE.CommonLibrary.Trace.Test.csproj", "{3135A7A7-6842-4D0B-8ACE-8261E6C90B9E}"
EndProject
Project("{9A19103F-16F7-4668-BE54-9A1E7A4F7556}") = "SAE.CommonLibrary.Common.Test", "test\SAE.CommonLibrary.Common.Test\SAE.CommonLibrary.Common.Test.csproj", "{BF896261-3627-468E-8FDF-BA05E6DE30C2}"
EndProject
Project("{9A19103F-16F7-4668-BE54-9A1E7A4F7556}") = "SAE.CommonLibrary.Ioc.Test", "test\SAE.CommonLibrary.Ioc.Test\SAE.CommonLibrary.Ioc.Test.csproj", "{39EE42C4-F0CC-42C8-8557-A26178FB4DB3}"
EndProject
Project("{9A19103F-16F7-4668-BE54-9A1E7A4F7556}") = "SAE.CommonLibrary.EventStore.Queryable", "src\SAE.CommonLibrary.EventStore.Queryable\SAE.CommonLibrary.EventStore.Queryable.csproj", "{4BE6642E-7BDF-4151-9365-BA1B82BCA0DA}"
EndProject
Project("{9A19103F-16F7-4668-BE54-9A1E7A4F7556}") = "SAE.CommonLibrary.TinyMapper.Test", "test\SAE.CommonLibrary.TinyMapper.Test\SAE.CommonLibrary.TinyMapper.Test.csproj", "{F68DD734-084C-42DE-82F8-B994A3D0B8DF}"
EndProject
Project("{9A19103F-16F7-4668-BE54-9A1E7A4F7556}") = "SAE.CommonLibrary.TinyMapper", "src\SAE.CommonLibrary.TinyMapper\SAE.CommonLibrary.TinyMapper.csproj", "{6D1B9AFE-E59B-4482-9F01-76AB0C0421D3}"
EndProject
Project("{9A19103F-16F7-4668-BE54-9A1E7A4F7556}") = "SAE.CommonLibrary.Provider", "src\SAE.CommonLibrary.Provider\SAE.CommonLibrary.Provider.csproj", "{4F8C5512-8887-4656-B528-FD0AA7C2735F}"
EndProject
Project("{9A19103F-16F7-4668-BE54-9A1E7A4F7556}") = "SAE.CommonLibrary.MvcExtension", "src\SAE.CommonLibrary.MvcExtension\SAE.CommonLibrary.MvcExtension.csproj", "{0C411B4E-7CBC-4253-A907-07975057626D}"
EndProject
Global
	GlobalSection(SolutionConfigurationPlatforms) = preSolution
		Debug|Any CPU = Debug|Any CPU
		Release|Any CPU = Release|Any CPU
	EndGlobalSection
	GlobalSection(ProjectConfigurationPlatforms) = postSolution
		{D3272D63-73A6-4D14-863E-0F1C74BCD6E9}.Debug|Any CPU.ActiveCfg = Debug|Any CPU
		{D3272D63-73A6-4D14-863E-0F1C74BCD6E9}.Debug|Any CPU.Build.0 = Debug|Any CPU
		{D3272D63-73A6-4D14-863E-0F1C74BCD6E9}.Release|Any CPU.ActiveCfg = Release|Any CPU
		{D3272D63-73A6-4D14-863E-0F1C74BCD6E9}.Release|Any CPU.Build.0 = Release|Any CPU
		{B2826453-3776-45B0-9309-529467372BEF}.Debug|Any CPU.ActiveCfg = Debug|Any CPU
		{B2826453-3776-45B0-9309-529467372BEF}.Debug|Any CPU.Build.0 = Debug|Any CPU
		{B2826453-3776-45B0-9309-529467372BEF}.Release|Any CPU.ActiveCfg = Release|Any CPU
		{B2826453-3776-45B0-9309-529467372BEF}.Release|Any CPU.Build.0 = Release|Any CPU
		{42242AA9-CB7C-4171-A395-FF0AACA0D56E}.Debug|Any CPU.ActiveCfg = Debug|Any CPU
		{42242AA9-CB7C-4171-A395-FF0AACA0D56E}.Debug|Any CPU.Build.0 = Debug|Any CPU
		{42242AA9-CB7C-4171-A395-FF0AACA0D56E}.Release|Any CPU.ActiveCfg = Release|Any CPU
		{42242AA9-CB7C-4171-A395-FF0AACA0D56E}.Release|Any CPU.Build.0 = Release|Any CPU
		{2739192F-41E9-4939-972F-63803A7DB63F}.Debug|Any CPU.ActiveCfg = Debug|Any CPU
		{2739192F-41E9-4939-972F-63803A7DB63F}.Debug|Any CPU.Build.0 = Debug|Any CPU
		{2739192F-41E9-4939-972F-63803A7DB63F}.Release|Any CPU.ActiveCfg = Release|Any CPU
		{2739192F-41E9-4939-972F-63803A7DB63F}.Release|Any CPU.Build.0 = Release|Any CPU
		{1155F33F-49C8-4CC1-A5CE-336CC28DA167}.Debug|Any CPU.ActiveCfg = Debug|Any CPU
		{1155F33F-49C8-4CC1-A5CE-336CC28DA167}.Debug|Any CPU.Build.0 = Debug|Any CPU
		{1155F33F-49C8-4CC1-A5CE-336CC28DA167}.Release|Any CPU.ActiveCfg = Release|Any CPU
		{1155F33F-49C8-4CC1-A5CE-336CC28DA167}.Release|Any CPU.Build.0 = Release|Any CPU
		{ED60CDE5-EB6D-4296-A30F-7B8A99F7F30E}.Debug|Any CPU.ActiveCfg = Debug|Any CPU
		{ED60CDE5-EB6D-4296-A30F-7B8A99F7F30E}.Debug|Any CPU.Build.0 = Debug|Any CPU
		{ED60CDE5-EB6D-4296-A30F-7B8A99F7F30E}.Release|Any CPU.ActiveCfg = Release|Any CPU
		{ED60CDE5-EB6D-4296-A30F-7B8A99F7F30E}.Release|Any CPU.Build.0 = Release|Any CPU
		{605B0060-0726-47B7-8D55-BBC06892013B}.Debug|Any CPU.ActiveCfg = Debug|Any CPU
		{605B0060-0726-47B7-8D55-BBC06892013B}.Debug|Any CPU.Build.0 = Debug|Any CPU
		{605B0060-0726-47B7-8D55-BBC06892013B}.Release|Any CPU.ActiveCfg = Release|Any CPU
		{605B0060-0726-47B7-8D55-BBC06892013B}.Release|Any CPU.Build.0 = Release|Any CPU
		{F6C2585A-6A04-4DD7-AA2C-ABC648E9386E}.Debug|Any CPU.ActiveCfg = Debug|Any CPU
		{F6C2585A-6A04-4DD7-AA2C-ABC648E9386E}.Debug|Any CPU.Build.0 = Debug|Any CPU
		{F6C2585A-6A04-4DD7-AA2C-ABC648E9386E}.Release|Any CPU.ActiveCfg = Release|Any CPU
		{F6C2585A-6A04-4DD7-AA2C-ABC648E9386E}.Release|Any CPU.Build.0 = Release|Any CPU
		{4A56560A-F3E4-4DA6-9D6E-327C9DA5B047}.Debug|Any CPU.ActiveCfg = Debug|Any CPU
		{4A56560A-F3E4-4DA6-9D6E-327C9DA5B047}.Debug|Any CPU.Build.0 = Debug|Any CPU
		{4A56560A-F3E4-4DA6-9D6E-327C9DA5B047}.Release|Any CPU.ActiveCfg = Release|Any CPU
		{4A56560A-F3E4-4DA6-9D6E-327C9DA5B047}.Release|Any CPU.Build.0 = Release|Any CPU
		{B9782EAF-2549-4A01-828F-4DE554B8F189}.Debug|Any CPU.ActiveCfg = Debug|Any CPU
		{B9782EAF-2549-4A01-828F-4DE554B8F189}.Debug|Any CPU.Build.0 = Debug|Any CPU
		{B9782EAF-2549-4A01-828F-4DE554B8F189}.Release|Any CPU.ActiveCfg = Release|Any CPU
		{B9782EAF-2549-4A01-828F-4DE554B8F189}.Release|Any CPU.Build.0 = Release|Any CPU
		{8BF1EA69-547B-489F-A19D-8CE2764AA0FF}.Debug|Any CPU.ActiveCfg = Debug|Any CPU
		{8BF1EA69-547B-489F-A19D-8CE2764AA0FF}.Debug|Any CPU.Build.0 = Debug|Any CPU
		{8BF1EA69-547B-489F-A19D-8CE2764AA0FF}.Release|Any CPU.ActiveCfg = Release|Any CPU
		{8BF1EA69-547B-489F-A19D-8CE2764AA0FF}.Release|Any CPU.Build.0 = Release|Any CPU
		{406BFFE9-5D09-43FA-B82E-F1CABBD9C71C}.Debug|Any CPU.ActiveCfg = Debug|Any CPU
		{406BFFE9-5D09-43FA-B82E-F1CABBD9C71C}.Debug|Any CPU.Build.0 = Debug|Any CPU
		{406BFFE9-5D09-43FA-B82E-F1CABBD9C71C}.Release|Any CPU.ActiveCfg = Release|Any CPU
		{406BFFE9-5D09-43FA-B82E-F1CABBD9C71C}.Release|Any CPU.Build.0 = Release|Any CPU
		{EF47B03A-E873-46F8-B51F-6C3208189351}.Debug|Any CPU.ActiveCfg = Debug|Any CPU
		{EF47B03A-E873-46F8-B51F-6C3208189351}.Debug|Any CPU.Build.0 = Debug|Any CPU
		{EF47B03A-E873-46F8-B51F-6C3208189351}.Release|Any CPU.ActiveCfg = Release|Any CPU
		{EF47B03A-E873-46F8-B51F-6C3208189351}.Release|Any CPU.Build.0 = Release|Any CPU
		{F8E2B3C4-259C-4125-AED7-A687BE0B73C0}.Debug|Any CPU.ActiveCfg = Debug|Any CPU
		{F8E2B3C4-259C-4125-AED7-A687BE0B73C0}.Debug|Any CPU.Build.0 = Debug|Any CPU
		{F8E2B3C4-259C-4125-AED7-A687BE0B73C0}.Release|Any CPU.ActiveCfg = Release|Any CPU
		{F8E2B3C4-259C-4125-AED7-A687BE0B73C0}.Release|Any CPU.Build.0 = Release|Any CPU
		{544DAE29-4B70-4C45-A380-84CF4DE53F9A}.Debug|Any CPU.ActiveCfg = Debug|Any CPU
		{544DAE29-4B70-4C45-A380-84CF4DE53F9A}.Debug|Any CPU.Build.0 = Debug|Any CPU
		{544DAE29-4B70-4C45-A380-84CF4DE53F9A}.Release|Any CPU.ActiveCfg = Release|Any CPU
		{544DAE29-4B70-4C45-A380-84CF4DE53F9A}.Release|Any CPU.Build.0 = Release|Any CPU
		{839904A1-9549-4B2B-B838-942E26681504}.Debug|Any CPU.ActiveCfg = Debug|Any CPU
		{839904A1-9549-4B2B-B838-942E26681504}.Debug|Any CPU.Build.0 = Debug|Any CPU
		{839904A1-9549-4B2B-B838-942E26681504}.Release|Any CPU.ActiveCfg = Release|Any CPU
		{839904A1-9549-4B2B-B838-942E26681504}.Release|Any CPU.Build.0 = Release|Any CPU
		{68CDC46B-8FEB-4C03-9AF0-BE78AE68D19C}.Debug|Any CPU.ActiveCfg = Debug|Any CPU
		{68CDC46B-8FEB-4C03-9AF0-BE78AE68D19C}.Debug|Any CPU.Build.0 = Debug|Any CPU
		{68CDC46B-8FEB-4C03-9AF0-BE78AE68D19C}.Release|Any CPU.ActiveCfg = Release|Any CPU
		{68CDC46B-8FEB-4C03-9AF0-BE78AE68D19C}.Release|Any CPU.Build.0 = Release|Any CPU
		{1B3899FB-DDF4-4B89-8A4D-15CA6F657BCE}.Debug|Any CPU.ActiveCfg = Debug|Any CPU
		{1B3899FB-DDF4-4B89-8A4D-15CA6F657BCE}.Debug|Any CPU.Build.0 = Debug|Any CPU
		{1B3899FB-DDF4-4B89-8A4D-15CA6F657BCE}.Release|Any CPU.ActiveCfg = Release|Any CPU
		{1B3899FB-DDF4-4B89-8A4D-15CA6F657BCE}.Release|Any CPU.Build.0 = Release|Any CPU
		{3A394450-5218-4D59-B015-8B0D06856A03}.Debug|Any CPU.ActiveCfg = Debug|Any CPU
		{3A394450-5218-4D59-B015-8B0D06856A03}.Debug|Any CPU.Build.0 = Debug|Any CPU
		{3A394450-5218-4D59-B015-8B0D06856A03}.Release|Any CPU.ActiveCfg = Release|Any CPU
		{3A394450-5218-4D59-B015-8B0D06856A03}.Release|Any CPU.Build.0 = Release|Any CPU
		{F0B4A24F-535E-4DE8-A397-96788E9CA22E}.Debug|Any CPU.ActiveCfg = Debug|Any CPU
		{F0B4A24F-535E-4DE8-A397-96788E9CA22E}.Debug|Any CPU.Build.0 = Debug|Any CPU
		{F0B4A24F-535E-4DE8-A397-96788E9CA22E}.Release|Any CPU.ActiveCfg = Release|Any CPU
		{F0B4A24F-535E-4DE8-A397-96788E9CA22E}.Release|Any CPU.Build.0 = Release|Any CPU
		{374FD2AF-5138-4A78-8179-9568A5320B5E}.Debug|Any CPU.ActiveCfg = Debug|Any CPU
		{374FD2AF-5138-4A78-8179-9568A5320B5E}.Debug|Any CPU.Build.0 = Debug|Any CPU
		{374FD2AF-5138-4A78-8179-9568A5320B5E}.Release|Any CPU.ActiveCfg = Release|Any CPU
		{374FD2AF-5138-4A78-8179-9568A5320B5E}.Release|Any CPU.Build.0 = Release|Any CPU
		{2798D1C2-3E53-454E-9022-E5B5EF61EDA1}.Debug|Any CPU.ActiveCfg = Debug|Any CPU
		{2798D1C2-3E53-454E-9022-E5B5EF61EDA1}.Debug|Any CPU.Build.0 = Debug|Any CPU
		{2798D1C2-3E53-454E-9022-E5B5EF61EDA1}.Release|Any CPU.ActiveCfg = Release|Any CPU
		{2798D1C2-3E53-454E-9022-E5B5EF61EDA1}.Release|Any CPU.Build.0 = Release|Any CPU
		{DD31FF11-E139-4D2A-9BC6-8B8A2CC92FC9}.Debug|Any CPU.ActiveCfg = Debug|Any CPU
		{DD31FF11-E139-4D2A-9BC6-8B8A2CC92FC9}.Debug|Any CPU.Build.0 = Debug|Any CPU
		{DD31FF11-E139-4D2A-9BC6-8B8A2CC92FC9}.Release|Any CPU.ActiveCfg = Release|Any CPU
		{DD31FF11-E139-4D2A-9BC6-8B8A2CC92FC9}.Release|Any CPU.Build.0 = Release|Any CPU
		{D42AFB2C-A766-4ED1-A3FD-C899E66AAB9C}.Debug|Any CPU.ActiveCfg = Debug|Any CPU
		{D42AFB2C-A766-4ED1-A3FD-C899E66AAB9C}.Debug|Any CPU.Build.0 = Debug|Any CPU
		{D42AFB2C-A766-4ED1-A3FD-C899E66AAB9C}.Release|Any CPU.ActiveCfg = Release|Any CPU
		{D42AFB2C-A766-4ED1-A3FD-C899E66AAB9C}.Release|Any CPU.Build.0 = Release|Any CPU
		{DF4F42D9-BA60-400A-A022-7C94CC909EA4}.Debug|Any CPU.ActiveCfg = Debug|Any CPU
		{DF4F42D9-BA60-400A-A022-7C94CC909EA4}.Debug|Any CPU.Build.0 = Debug|Any CPU
		{DF4F42D9-BA60-400A-A022-7C94CC909EA4}.Release|Any CPU.ActiveCfg = Release|Any CPU
		{DF4F42D9-BA60-400A-A022-7C94CC909EA4}.Release|Any CPU.Build.0 = Release|Any CPU
		{41978A2A-A334-4E7D-851F-8C91E25388E1}.Debug|Any CPU.ActiveCfg = Debug|Any CPU
		{41978A2A-A334-4E7D-851F-8C91E25388E1}.Debug|Any CPU.Build.0 = Debug|Any CPU
		{41978A2A-A334-4E7D-851F-8C91E25388E1}.Release|Any CPU.ActiveCfg = Release|Any CPU
		{41978A2A-A334-4E7D-851F-8C91E25388E1}.Release|Any CPU.Build.0 = Release|Any CPU
		{B4DB921A-5400-4966-A39A-A531C1C6473E}.Debug|Any CPU.ActiveCfg = Debug|Any CPU
		{B4DB921A-5400-4966-A39A-A531C1C6473E}.Debug|Any CPU.Build.0 = Debug|Any CPU
		{B4DB921A-5400-4966-A39A-A531C1C6473E}.Release|Any CPU.ActiveCfg = Release|Any CPU
		{B4DB921A-5400-4966-A39A-A531C1C6473E}.Release|Any CPU.Build.0 = Release|Any CPU
		{87976750-6CCB-4032-AB50-348B00E6035B}.Debug|Any CPU.ActiveCfg = Debug|Any CPU
		{87976750-6CCB-4032-AB50-348B00E6035B}.Debug|Any CPU.Build.0 = Debug|Any CPU
		{87976750-6CCB-4032-AB50-348B00E6035B}.Release|Any CPU.ActiveCfg = Release|Any CPU
		{87976750-6CCB-4032-AB50-348B00E6035B}.Release|Any CPU.Build.0 = Release|Any CPU
		{9B70DDC1-B505-41FD-BB59-2BEF26432237}.Debug|Any CPU.ActiveCfg = Debug|Any CPU
		{9B70DDC1-B505-41FD-BB59-2BEF26432237}.Debug|Any CPU.Build.0 = Debug|Any CPU
		{9B70DDC1-B505-41FD-BB59-2BEF26432237}.Release|Any CPU.ActiveCfg = Release|Any CPU
		{9B70DDC1-B505-41FD-BB59-2BEF26432237}.Release|Any CPU.Build.0 = Release|Any CPU
		{39E9AF27-5F92-46B0-BDAF-E764C6D1A5C9}.Debug|Any CPU.ActiveCfg = Debug|Any CPU
		{39E9AF27-5F92-46B0-BDAF-E764C6D1A5C9}.Debug|Any CPU.Build.0 = Debug|Any CPU
		{39E9AF27-5F92-46B0-BDAF-E764C6D1A5C9}.Release|Any CPU.ActiveCfg = Release|Any CPU
		{39E9AF27-5F92-46B0-BDAF-E764C6D1A5C9}.Release|Any CPU.Build.0 = Release|Any CPU
		{BECC20AB-9503-403D-A121-CF89B60819C5}.Debug|Any CPU.ActiveCfg = Debug|Any CPU
		{BECC20AB-9503-403D-A121-CF89B60819C5}.Debug|Any CPU.Build.0 = Debug|Any CPU
		{BECC20AB-9503-403D-A121-CF89B60819C5}.Release|Any CPU.ActiveCfg = Release|Any CPU
		{BECC20AB-9503-403D-A121-CF89B60819C5}.Release|Any CPU.Build.0 = Release|Any CPU
		{3135A7A7-6842-4D0B-8ACE-8261E6C90B9E}.Debug|Any CPU.ActiveCfg = Debug|Any CPU
		{3135A7A7-6842-4D0B-8ACE-8261E6C90B9E}.Debug|Any CPU.Build.0 = Debug|Any CPU
		{3135A7A7-6842-4D0B-8ACE-8261E6C90B9E}.Release|Any CPU.ActiveCfg = Release|Any CPU
		{3135A7A7-6842-4D0B-8ACE-8261E6C90B9E}.Release|Any CPU.Build.0 = Release|Any CPU
		{BF896261-3627-468E-8FDF-BA05E6DE30C2}.Debug|Any CPU.ActiveCfg = Debug|Any CPU
		{BF896261-3627-468E-8FDF-BA05E6DE30C2}.Debug|Any CPU.Build.0 = Debug|Any CPU
		{BF896261-3627-468E-8FDF-BA05E6DE30C2}.Release|Any CPU.ActiveCfg = Release|Any CPU
		{BF896261-3627-468E-8FDF-BA05E6DE30C2}.Release|Any CPU.Build.0 = Release|Any CPU
		{39EE42C4-F0CC-42C8-8557-A26178FB4DB3}.Debug|Any CPU.ActiveCfg = Debug|Any CPU
		{39EE42C4-F0CC-42C8-8557-A26178FB4DB3}.Debug|Any CPU.Build.0 = Debug|Any CPU
		{39EE42C4-F0CC-42C8-8557-A26178FB4DB3}.Release|Any CPU.ActiveCfg = Release|Any CPU
		{39EE42C4-F0CC-42C8-8557-A26178FB4DB3}.Release|Any CPU.Build.0 = Release|Any CPU
		{4BE6642E-7BDF-4151-9365-BA1B82BCA0DA}.Debug|Any CPU.ActiveCfg = Debug|Any CPU
		{4BE6642E-7BDF-4151-9365-BA1B82BCA0DA}.Debug|Any CPU.Build.0 = Debug|Any CPU
		{4BE6642E-7BDF-4151-9365-BA1B82BCA0DA}.Release|Any CPU.ActiveCfg = Release|Any CPU
		{4BE6642E-7BDF-4151-9365-BA1B82BCA0DA}.Release|Any CPU.Build.0 = Release|Any CPU
		{F68DD734-084C-42DE-82F8-B994A3D0B8DF}.Debug|Any CPU.ActiveCfg = Debug|Any CPU
		{F68DD734-084C-42DE-82F8-B994A3D0B8DF}.Debug|Any CPU.Build.0 = Debug|Any CPU
		{F68DD734-084C-42DE-82F8-B994A3D0B8DF}.Release|Any CPU.ActiveCfg = Release|Any CPU
		{F68DD734-084C-42DE-82F8-B994A3D0B8DF}.Release|Any CPU.Build.0 = Release|Any CPU
		{6D1B9AFE-E59B-4482-9F01-76AB0C0421D3}.Debug|Any CPU.ActiveCfg = Debug|Any CPU
		{6D1B9AFE-E59B-4482-9F01-76AB0C0421D3}.Debug|Any CPU.Build.0 = Debug|Any CPU
		{6D1B9AFE-E59B-4482-9F01-76AB0C0421D3}.Release|Any CPU.ActiveCfg = Release|Any CPU
		{6D1B9AFE-E59B-4482-9F01-76AB0C0421D3}.Release|Any CPU.Build.0 = Release|Any CPU
		{4F8C5512-8887-4656-B528-FD0AA7C2735F}.Debug|Any CPU.ActiveCfg = Debug|Any CPU
		{4F8C5512-8887-4656-B528-FD0AA7C2735F}.Debug|Any CPU.Build.0 = Debug|Any CPU
		{4F8C5512-8887-4656-B528-FD0AA7C2735F}.Release|Any CPU.ActiveCfg = Release|Any CPU
		{4F8C5512-8887-4656-B528-FD0AA7C2735F}.Release|Any CPU.Build.0 = Release|Any CPU
		{0C411B4E-7CBC-4253-A907-07975057626D}.Debug|Any CPU.ActiveCfg = Debug|Any CPU
		{0C411B4E-7CBC-4253-A907-07975057626D}.Debug|Any CPU.Build.0 = Debug|Any CPU
		{0C411B4E-7CBC-4253-A907-07975057626D}.Release|Any CPU.ActiveCfg = Release|Any CPU
		{0C411B4E-7CBC-4253-A907-07975057626D}.Release|Any CPU.Build.0 = Release|Any CPU
	EndGlobalSection
	GlobalSection(SolutionProperties) = preSolution
		HideSolutionNode = FALSE
	EndGlobalSection
	GlobalSection(NestedProjects) = preSolution
		{D3272D63-73A6-4D14-863E-0F1C74BCD6E9} = {0F0093DB-2C4D-4367-AB49-4B4D0C9C6330}
		{B2826453-3776-45B0-9309-529467372BEF} = {0F0093DB-2C4D-4367-AB49-4B4D0C9C6330}
		{42242AA9-CB7C-4171-A395-FF0AACA0D56E} = {0F0093DB-2C4D-4367-AB49-4B4D0C9C6330}
		{2739192F-41E9-4939-972F-63803A7DB63F} = {0F0093DB-2C4D-4367-AB49-4B4D0C9C6330}
		{1155F33F-49C8-4CC1-A5CE-336CC28DA167} = {0F0093DB-2C4D-4367-AB49-4B4D0C9C6330}
		{ED60CDE5-EB6D-4296-A30F-7B8A99F7F30E} = {0F0093DB-2C4D-4367-AB49-4B4D0C9C6330}
		{605B0060-0726-47B7-8D55-BBC06892013B} = {0F0093DB-2C4D-4367-AB49-4B4D0C9C6330}
		{F6C2585A-6A04-4DD7-AA2C-ABC648E9386E} = {0F0093DB-2C4D-4367-AB49-4B4D0C9C6330}
		{4A56560A-F3E4-4DA6-9D6E-327C9DA5B047} = {0F0093DB-2C4D-4367-AB49-4B4D0C9C6330}
		{B9782EAF-2549-4A01-828F-4DE554B8F189} = {0F0093DB-2C4D-4367-AB49-4B4D0C9C6330}
		{8BF1EA69-547B-489F-A19D-8CE2764AA0FF} = {0F0093DB-2C4D-4367-AB49-4B4D0C9C6330}
		{406BFFE9-5D09-43FA-B82E-F1CABBD9C71C} = {0F0093DB-2C4D-4367-AB49-4B4D0C9C6330}
		{EF47B03A-E873-46F8-B51F-6C3208189351} = {0F0093DB-2C4D-4367-AB49-4B4D0C9C6330}
		{F8E2B3C4-259C-4125-AED7-A687BE0B73C0} = {0F0093DB-2C4D-4367-AB49-4B4D0C9C6330}
		{544DAE29-4B70-4C45-A380-84CF4DE53F9A} = {0F0093DB-2C4D-4367-AB49-4B4D0C9C6330}
		{839904A1-9549-4B2B-B838-942E26681504} = {0F0093DB-2C4D-4367-AB49-4B4D0C9C6330}
		{68CDC46B-8FEB-4C03-9AF0-BE78AE68D19C} = {0F0093DB-2C4D-4367-AB49-4B4D0C9C6330}
		{1B3899FB-DDF4-4B89-8A4D-15CA6F657BCE} = {DD75371B-490B-4728-8706-A82A88CF413D}
		{3A394450-5218-4D59-B015-8B0D06856A03} = {DD75371B-490B-4728-8706-A82A88CF413D}
		{F0B4A24F-535E-4DE8-A397-96788E9CA22E} = {DD75371B-490B-4728-8706-A82A88CF413D}
		{374FD2AF-5138-4A78-8179-9568A5320B5E} = {DD75371B-490B-4728-8706-A82A88CF413D}
		{2798D1C2-3E53-454E-9022-E5B5EF61EDA1} = {DD75371B-490B-4728-8706-A82A88CF413D}
		{DD31FF11-E139-4D2A-9BC6-8B8A2CC92FC9} = {DD75371B-490B-4728-8706-A82A88CF413D}
		{D42AFB2C-A766-4ED1-A3FD-C899E66AAB9C} = {DD75371B-490B-4728-8706-A82A88CF413D}
		{DF4F42D9-BA60-400A-A022-7C94CC909EA4} = {DD75371B-490B-4728-8706-A82A88CF413D}
		{41978A2A-A334-4E7D-851F-8C91E25388E1} = {DD75371B-490B-4728-8706-A82A88CF413D}
		{B4DB921A-5400-4966-A39A-A531C1C6473E} = {0F0093DB-2C4D-4367-AB49-4B4D0C9C6330}
		{87976750-6CCB-4032-AB50-348B00E6035B} = {0F0093DB-2C4D-4367-AB49-4B4D0C9C6330}
		{9B70DDC1-B505-41FD-BB59-2BEF26432237} = {DD75371B-490B-4728-8706-A82A88CF413D}
		{39E9AF27-5F92-46B0-BDAF-E764C6D1A5C9} = {0F0093DB-2C4D-4367-AB49-4B4D0C9C6330}
		{BECC20AB-9503-403D-A121-CF89B60819C5} = {0F0093DB-2C4D-4367-AB49-4B4D0C9C6330}
		{3135A7A7-6842-4D0B-8ACE-8261E6C90B9E} = {DD75371B-490B-4728-8706-A82A88CF413D}
		{BF896261-3627-468E-8FDF-BA05E6DE30C2} = {DD75371B-490B-4728-8706-A82A88CF413D}
		{39EE42C4-F0CC-42C8-8557-A26178FB4DB3} = {DD75371B-490B-4728-8706-A82A88CF413D}
		{4BE6642E-7BDF-4151-9365-BA1B82BCA0DA} = {0F0093DB-2C4D-4367-AB49-4B4D0C9C6330}
		{F68DD734-084C-42DE-82F8-B994A3D0B8DF} = {DD75371B-490B-4728-8706-A82A88CF413D}
		{6D1B9AFE-E59B-4482-9F01-76AB0C0421D3} = {0F0093DB-2C4D-4367-AB49-4B4D0C9C6330}
		{4F8C5512-8887-4656-B528-FD0AA7C2735F} = {0F0093DB-2C4D-4367-AB49-4B4D0C9C6330}
		{0C411B4E-7CBC-4253-A907-07975057626D} = {0F0093DB-2C4D-4367-AB49-4B4D0C9C6330}
	EndGlobalSection
	GlobalSection(ExtensibilityGlobals) = postSolution
		SolutionGuid = {344EC8E5-C365-4594-9850-DB05265E5EE5}
	EndGlobalSection
EndGlobal
